# THIS IS AN AUTOGENERATED FILE. DO NOT EDIT THIS FILE DIRECTLY.
# yarn lockfile v1


normalizr@^3.2.4:
  version "3.3.0"
  resolved "http://registry.npm.taobao.org/normalizr/download/normalizr-3.3.0.tgz#6f44b95e8bf2201845a9e551920c4e5861166d27"

prettier@^1.14.3:
  version "1.14.3"
  resolved "http://registry.npm.taobao.org/prettier/download/prettier-1.14.3.tgz#90238dd4c0684b7edce5f83b0fb7328e48bd0895"

typescript@^3.1.4:
  version "3.1.4"
  resolved "http://registry.npm.taobao.org/typescript/download/typescript-3.1.4.tgz#c74ef7b3c2da65beff548b903022cb8c3cd997ed"
